
Microsoft Visual Studio Solution File, Format Version 12.00
# Visual Studio Version 17
VisualStudioVersion = 17.5.33530.505
MinimumVisualStudioVersion = 10.0.40219.1
Project("{FAE04EC0-301F-11D3-BF4B-00C04F79EFBC}") = "ParseTenable", "ParseTenable.csproj", "{61E51742-BC41-461B-9194-5D3AD7E993DF}"
EndProject
Global
	GlobalSection(SolutionConfigurationPlatforms) = preSolution
		Debug|Any CPU = Debug|Any CPU
		Release|Any CPU = Release|Any CPU
	EndGlobalSection
	GlobalSection(ProjectConfigurationPlatforms) = postSolution
		{61E51742-BC41-461B-9194-5D3AD7E993DF}.Debug|Any CPU.ActiveCfg = Debug|Any CPU
		{61E51742-BC41-461B-9194-5D3AD7E993DF}.Debug|Any CPU.Build.0 = Debug|Any CPU
		{61E51742-BC41-461B-9194-5D3AD7E993DF}.Release|Any CPU.ActiveCfg = Release|Any CPU
		{61E51742-BC41-461B-9194-5D3AD7E993DF}.Release|Any CPU.Build.0 = Release|Any CPU
	EndGlobalSection
	GlobalSection(SolutionProperties) = preSolution
		HideSolutionNode = FALSE
	EndGlobalSection
	GlobalSection(ExtensibilityGlobals) = postSolution
		SolutionGuid = {70B3C538-DC88-4EC4-92D7-920E4827CCB4}
	EndGlobalSection
EndGlobal
